
Microsoft Visual Studio Solution File, Format Version 12.00
# Visual Studio Version 16
VisualStudioVersion = 16.0.30907.101
MinimumVisualStudioVersion = 10.0.40219.1
Project("{FAE04EC0-301F-11D3-BF4B-00C04F79EFBC}") = "FolderSerializer", "FolderSerializer\FolderSerializer.csproj", "{629CF06A-073C-4DAC-A80F-6156687576DA}"
EndProject
Global
	GlobalSection(SolutionConfigurationPlatforms) = preSolution
		Debug|Any CPU = Debug|Any CPU
		Release|Any CPU = Release|Any CPU
	EndGlobalSection
	GlobalSection(ProjectConfigurationPlatforms) = postSolution
		{629CF06A-073C-4DAC-A80F-6156687576DA}.Debug|Any CPU.ActiveCfg = Debug|Any CPU
		{629CF06A-073C-4DAC-A80F-6156687576DA}.Debug|Any CPU.Build.0 = Debug|Any CPU
		{629CF06A-073C-4DAC-A80F-6156687576DA}.Release|Any CPU.ActiveCfg = Release|Any CPU
		{629CF06A-073C-4DAC-A80F-6156687576DA}.Release|Any CPU.Build.0 = Release|Any CPU
	EndGlobalSection
	GlobalSection(SolutionProperties) = preSolution
		HideSolutionNode = FALSE
	EndGlobalSection
	GlobalSection(ExtensibilityGlobals) = postSolution
		SolutionGuid = {7001AA6D-A8D7-43E3-AA76-988BBF52FDC2}
	EndGlobalSection
EndGlobal
